
Microsoft Visual Studio Solution File, Format Version 12.00
# Visual Studio Version 16
VisualStudioVersion = 16.0.31624.102
MinimumVisualStudioVersion = 10.0.40219.1
Project("{FAE04EC0-301F-11D3-BF4B-00C04F79EFBC}") = "MoviesAPI", "MoviesAPI\MoviesAPI.csproj", "{8068FDBB-DC64-4D02-A635-894B2786F9DF}"
EndProject
Global
	GlobalSection(SolutionConfigurationPlatforms) = preSolution
		Debug|Any CPU = Debug|Any CPU
		Release|Any CPU = Release|Any CPU
	EndGlobalSection
	GlobalSection(ProjectConfigurationPlatforms) = postSolution
		{8068FDBB-DC64-4D02-A635-894B2786F9DF}.Debug|Any CPU.ActiveCfg = Debug|Any CPU
		{8068FDBB-DC64-4D02-A635-894B2786F9DF}.Debug|Any CPU.Build.0 = Debug|Any CPU
		{8068FDBB-DC64-4D02-A635-894B2786F9DF}.Release|Any CPU.ActiveCfg = Release|Any CPU
		{8068FDBB-DC64-4D02-A635-894B2786F9DF}.Release|Any CPU.Build.0 = Release|Any CPU
	EndGlobalSection
	GlobalSection(SolutionProperties) = preSolution
		HideSolutionNode = FALSE
	EndGlobalSection
	GlobalSection(ExtensibilityGlobals) = postSolution
		SolutionGuid = {BF0868E0-40CB-49CF-AD52-6F3D18B93848}
	EndGlobalSection
EndGlobal
